
Microsoft Visual Studio Solution File, Format Version 12.00
# Visual Studio 14
VisualStudioVersion = 14.0.25420.1
MinimumVisualStudioVersion = 10.0.40219.1
Project("{FAE04EC0-301F-11D3-BF4B-00C04F79EFBC}") = "Arc.ActiveDirectory", "Arc.ActiveDirectory\Arc.ActiveDirectory.csproj", "{9C1E2F54-5929-4067-B655-67277F4E9F87}"
EndProject
Project("{FAE04EC0-301F-11D3-BF4B-00C04F79EFBC}") = "Arc.ActiveDirectory.Tests", "Arc.ActiveDirectory.Tests\Arc.ActiveDirectory.Tests.csproj", "{31B0F986-8259-497A-BE0D-B5672A12FD28}"
EndProject
Project("{FAE04EC0-301F-11D3-BF4B-00C04F79EFBC}") = "Arc.ActiveDirectory.Api", "Arc.ActiveDirectory.Api\Arc.ActiveDirectory.Api.csproj", "{3674B65F-484B-409C-91B1-AEE779ED779F}"
EndProject
Project("{FAE04EC0-301F-11D3-BF4B-00C04F79EFBC}") = "Arc.ActiveDirectory.Web", "Arc.ActiveDirectory.Web\Arc.ActiveDirectory.Web.csproj", "{118E4A4C-20EA-466A-B88F-C6F1916E8B17}"
EndProject
Project("{FAE04EC0-301F-11D3-BF4B-00C04F79EFBC}") = "Arc.ConfigurationEncryption", "Arc.ConfigurationEncryption\Arc.ConfigurationEncryption.csproj", "{42B569F6-04E5-4ACD-BF46-19151881EB90}"
EndProject
Project("{FAE04EC0-301F-11D3-BF4B-00C04F79EFBC}") = "Arc.ActiveDirectory.Shared", "Arc.ActiveDirectory.Shared\Arc.ActiveDirectory.Shared.csproj", "{439E7F72-1463-426F-8155-DFC111ABF942}"
EndProject
Project("{FAE04EC0-301F-11D3-BF4B-00C04F79EFBC}") = "Arc.Authentication.Policy", "Arc.Authentication.Policy\Arc.Authentication.Policy.csproj", "{6970A2C9-D247-43DE-84B0-A586E0369445}"
EndProject
Global
	GlobalSection(SolutionConfigurationPlatforms) = preSolution
		Debug|Any CPU = Debug|Any CPU
		Release|Any CPU = Release|Any CPU
	EndGlobalSection
	GlobalSection(ProjectConfigurationPlatforms) = postSolution
		{9C1E2F54-5929-4067-B655-67277F4E9F87}.Debug|Any CPU.ActiveCfg = Debug|Any CPU
		{9C1E2F54-5929-4067-B655-67277F4E9F87}.Debug|Any CPU.Build.0 = Debug|Any CPU
		{9C1E2F54-5929-4067-B655-67277F4E9F87}.Release|Any CPU.ActiveCfg = Release|Any CPU
		{9C1E2F54-5929-4067-B655-67277F4E9F87}.Release|Any CPU.Build.0 = Release|Any CPU
		{31B0F986-8259-497A-BE0D-B5672A12FD28}.Debug|Any CPU.ActiveCfg = Debug|Any CPU
		{31B0F986-8259-497A-BE0D-B5672A12FD28}.Debug|Any CPU.Build.0 = Debug|Any CPU
		{31B0F986-8259-497A-BE0D-B5672A12FD28}.Release|Any CPU.ActiveCfg = Release|Any CPU
		{31B0F986-8259-497A-BE0D-B5672A12FD28}.Release|Any CPU.Build.0 = Release|Any CPU
		{3674B65F-484B-409C-91B1-AEE779ED779F}.Debug|Any CPU.ActiveCfg = Debug|Any CPU
		{3674B65F-484B-409C-91B1-AEE779ED779F}.Debug|Any CPU.Build.0 = Debug|Any CPU
		{3674B65F-484B-409C-91B1-AEE779ED779F}.Release|Any CPU.ActiveCfg = Release|Any CPU
		{3674B65F-484B-409C-91B1-AEE779ED779F}.Release|Any CPU.Build.0 = Release|Any CPU
		{118E4A4C-20EA-466A-B88F-C6F1916E8B17}.Debug|Any CPU.ActiveCfg = Debug|Any CPU
		{118E4A4C-20EA-466A-B88F-C6F1916E8B17}.Debug|Any CPU.Build.0 = Debug|Any CPU
		{118E4A4C-20EA-466A-B88F-C6F1916E8B17}.Release|Any CPU.ActiveCfg = Release|Any CPU
		{118E4A4C-20EA-466A-B88F-C6F1916E8B17}.Release|Any CPU.Build.0 = Release|Any CPU
		{42B569F6-04E5-4ACD-BF46-19151881EB90}.Debug|Any CPU.ActiveCfg = Debug|Any CPU
		{42B569F6-04E5-4ACD-BF46-19151881EB90}.Debug|Any CPU.Build.0 = Debug|Any CPU
		{42B569F6-04E5-4ACD-BF46-19151881EB90}.Release|Any CPU.ActiveCfg = Release|Any CPU
		{42B569F6-04E5-4ACD-BF46-19151881EB90}.Release|Any CPU.Build.0 = Release|Any CPU
		{439E7F72-1463-426F-8155-DFC111ABF942}.Debug|Any CPU.ActiveCfg = Debug|Any CPU
		{439E7F72-1463-426F-8155-DFC111ABF942}.Debug|Any CPU.Build.0 = Debug|Any CPU
		{439E7F72-1463-426F-8155-DFC111ABF942}.Release|Any CPU.ActiveCfg = Release|Any CPU
		{439E7F72-1463-426F-8155-DFC111ABF942}.Release|Any CPU.Build.0 = Release|Any CPU
		{6970A2C9-D247-43DE-84B0-A586E0369445}.Debug|Any CPU.ActiveCfg = Debug|Any CPU
		{6970A2C9-D247-43DE-84B0-A586E0369445}.Debug|Any CPU.Build.0 = Debug|Any CPU
		{6970A2C9-D247-43DE-84B0-A586E0369445}.Release|Any CPU.ActiveCfg = Release|Any CPU
		{6970A2C9-D247-43DE-84B0-A586E0369445}.Release|Any CPU.Build.0 = Release|Any CPU
	EndGlobalSection
	GlobalSection(SolutionProperties) = preSolution
		HideSolutionNode = FALSE
	EndGlobalSection
EndGlobal
